// !$*UTF8*$!
{
	archiveVersion = 1;
	classes = {
	};
	objectVersion = 50;
	objects = {

/* Begin PBXBuildFile section */
		E561191825E92C0B0086A1A0 /* AceitasMousseApp.swift in Sources */ = {isa = PBXBuildFile; fileRef = E561191725E92C0B0086A1A0 /* AceitasMousseApp.swift */; };
		E561191A25E92C0B0086A1A0 /* ContentView.swift in Sources */ = {isa = PBXBuildFile; fileRef = E561191925E92C0B0086A1A0 /* ContentView.swift */; };
		E561191C25E92C0C0086A1A0 /* Assets.xcassets in Resources */ = {isa = PBXBuildFile; fileRef = E561191B25E92C0C0086A1A0 /* Assets.xcassets */; };
		E561191F25E92C0C0086A1A0 /* Preview Assets.xcassets in Resources */ = {isa = PBXBuildFile; fileRef = E561191E25E92C0C0086A1A0 /* Preview Assets.xcassets */; };
		E561192125E92C0C0086A1A0 /* Persistence.swift in Sources */ = {isa = PBXBuildFile; fileRef = E561192025E92C0C0086A1A0 /* Persistence.swift */; };
		E561192425E92C0C0086A1A0 /* AceitasMousse.xcdatamodeld in Sources */ = {isa = PBXBuildFile; fileRef = E561192225E92C0C0086A1A0 /* AceitasMousse.xcdatamodeld */; };
		E561192F25E92C0C0086A1A0 /* AceitasMousseTests.swift in Sources */ = {isa = PBXBuildFile; fileRef = E561192E25E92C0C0086A1A0 /* AceitasMousseTests.swift */; };
		E561193A25E92C0D0086A1A0 /* AceitasMousseUITests.swift in Sources */ = {isa = PBXBuildFile; fileRef = E561193925E92C0D0086A1A0 /* AceitasMousseUITests.swift */; };
/* End PBXBuildFile section */

/* Begin PBXContainerItemProxy section */
		E561192B25E92C0C0086A1A0 /* PBXContainerItemProxy */ = {
			isa = PBXContainerItemProxy;
			containerPortal = E561190C25E92C0B0086A1A0 /* Project object */;
			proxyType = 1;
			remoteGlobalIDString = E561191325E92C0B0086A1A0;
			remoteInfo = AceitasMousse;
		};
		E561193625E92C0D0086A1A0 /* PBXContainerItemProxy */ = {
			isa = PBXContainerItemProxy;
			containerPortal = E561190C25E92C0B0086A1A0 /* Project object */;
			proxyType = 1;
			remoteGlobalIDString = E561191325E92C0B0086A1A0;
			remoteInfo = AceitasMousse;
		};
/* End PBXContainerItemProxy section */

/* Begin PBXFileReference section */
		E561191425E92C0B0086A1A0 /* AceitasMousse.app */ = {isa = PBXFileReference; explicitFileType = wrapper.application; includeInIndex = 0; path = AceitasMousse.app; sourceTree = BUILT_PRODUCTS_DIR; };
		E561191725E92C0B0086A1A0 /* AceitasMousseApp.swift */ = {isa = PBXFileReference; lastKnownFileType = sourcecode.swift; path = AceitasMousseApp.swift; sourceTree = "<group>"; };
		E561191925E92C0B0086A1A0 /* ContentView.swift */ = {isa = PBXFileReference; lastKnownFileType = sourcecode.swift; path = ContentView.swift; sourceTree = "<group>"; };
		E561191B25E92C0C0086A1A0 /* Assets.xcassets */ = {isa = PBXFileReference; lastKnownFileType = folder.assetcatalog; path = Assets.xcassets; sourceTree = "<group>"; };
		E561191E25E92C0C0086A1A0 /* Preview Assets.xcassets */ = {isa = PBXFileReference; lastKnownFileType = folder.assetcatalog; path = "Preview Assets.xcassets"; sourceTree = "<group>"; };
		E561192025E92C0C0086A1A0 /* Persistence.swift */ = {isa = PBXFileReference; lastKnownFileType = sourcecode.swift; path = Persistence.swift; sourceTree = "<group>"; };
		E561192325E92C0C0086A1A0 /* AceitasMousse.xcdatamodel */ = {isa = PBXFileReference; lastKnownFileType = wrapper.xcdatamodel; path = AceitasMousse.xcdatamodel; sourceTree = "<group>"; };
		E561192525E92C0C0086A1A0 /* Info.plist */ = {isa = PBXFileReference; lastKnownFileType = text.plist.xml; path = Info.plist; sourceTree = "<group>"; };
		E561192A25E92C0C0086A1A0 /* AceitasMousseTests.xctest */ = {isa = PBXFileReference; explicitFileType = wrapper.cfbundle; includeInIndex = 0; path = AceitasMousseTests.xctest; sourceTree = BUILT_PRODUCTS_DIR; };
		E561192E25E92C0C0086A1A0 /* AceitasMousseTests.swift */ = {isa = PBXFileReference; lastKnownFileType = sourcecode.swift; path = AceitasMousseTests.swift; sourceTree = "<group>"; };
		E561193025E92C0C0086A1A0 /* Info.plist */ = {isa = PBXFileReference; lastKnownFileType = text.plist.xml; path = Info.plist; sourceTree = "<group>"; };
		E561193525E92C0D0086A1A0 /* AceitasMousseUITests.xctest */ = {isa = PBXFileReference; explicitFileType = wrapper.cfbundle; includeInIndex = 0; path = AceitasMousseUITests.xctest; sourceTree = BUILT_PRODUCTS_DIR; };
		E561193925E92C0D0086A1A0 /* AceitasMousseUITests.swift */ = {isa = PBXFileReference; lastKnownFileType = sourcecode.swift; path = AceitasMousseUITests.swift; sourceTree = "<group>"; };
		E561193B25E92C0D0086A1A0 /* Info.plist */ = {isa = PBXFileReference; lastKnownFileType = text.plist.xml; path = Info.plist; sourceTree = "<group>"; };
/* End PBXFileReference section */

/* Begin PBXFrameworksBuildPhase section */
		E561191125E92C0B0086A1A0 /* Frameworks */ = {
			isa = PBXFrameworksBuildPhase;
			buildActionMask = 2147483647;
			files = (
			);
			runOnlyForDeploymentPostprocessing = 0;
		};
		E561192725E92C0C0086A1A0 /* Frameworks */ = {
			isa = PBXFrameworksBuildPhase;
			buildActionMask = 2147483647;
			files = (
			);
			runOnlyForDeploymentPostprocessing = 0;
		};
		E561193225E92C0D0086A1A0 /* Frameworks */ = {
			isa = PBXFrameworksBuildPhase;
			buildActionMask = 2147483647;
			files = (
			);
			runOnlyForDeploymentPostprocessing = 0;
		};
/* End PBXFrameworksBuildPhase section */

/* Begin PBXGroup section */
		E561190B25E92C0B0086A1A0 = {
			isa = PBXGroup;
			children = (
				E561191625E92C0B0086A1A0 /* AceitasMousse */,
				E561192D25E92C0C0086A1A0 /* AceitasMousseTests */,
				E561193825E92C0D0086A1A0 /* AceitasMousseUITests */,
				E561191525E92C0B0086A1A0 /* Products */,
			);
			sourceTree = "<group>";
		};
		E561191525E92C0B0086A1A0 /* Products */ = {
			isa = PBXGroup;
			children = (
				E561191425E92C0B0086A1A0 /* AceitasMousse.app */,
				E561192A25E92C0C0086A1A0 /* AceitasMousseTests.xctest */,
				E561193525E92C0D0086A1A0 /* AceitasMousseUITests.xctest */,
			);
			name = Products;
			sourceTree = "<group>";
		};
		E561191625E92C0B0086A1A0 /* AceitasMousse */ = {
			isa = PBXGroup;
			children = (
				E561191725E92C0B0086A1A0 /* AceitasMousseApp.swift */,
				E561191925E92C0B0086A1A0 /* ContentView.swift */,
				E561191B25E92C0C0086A1A0 /* Assets.xcassets */,
				E561192025E92C0C0086A1A0 /* Persistence.swift */,
				E561192525E92C0C0086A1A0 /* Info.plist */,
				E561192225E92C0C0086A1A0 /* AceitasMousse.xcdatamodeld */,
				E561191D25E92C0C0086A1A0 /* Preview Content */,
			);
			path = AceitasMousse;
			sourceTree = "<group>";
		};
		E561191D25E92C0C0086A1A0 /* Preview Content */ = {
			isa = PBXGroup;
			children = (
				E561191E25E92C0C0086A1A0 /* Preview Assets.xcassets */,
			);
			path = "Preview Content";
			sourceTree = "<group>";
		};
		E561192D25E92C0C0086A1A0 /* AceitasMousseTests */ = {
			isa = PBXGroup;
			children = (
				E561192E25E92C0C0086A1A0 /* AceitasMousseTests.swift */,
				E561193025E92C0C0086A1A0 /* Info.plist */,
			);
			path = AceitasMousseTests;
			sourceTree = "<group>";
		};
		E561193825E92C0D0086A1A0 /* AceitasMousseUITests */ = {
			isa = PBXGroup;
			children = (
				E561193925E92C0D0086A1A0 /* AceitasMousseUITests.swift */,
				E561193B25E92C0D0086A1A0 /* Info.plist */,
			);
			path = AceitasMousseUITests;
			sourceTree = "<group>";
		};
/* End PBXGroup section */

/* Begin PBXNativeTarget section */
		E561191325E92C0B0086A1A0 /* AceitasMousse */ = {
			isa = PBXNativeTarget;
			buildConfigurationList = E561193E25E92C0D0086A1A0 /* Build configuration list for PBXNativeTarget "AceitasMousse" */;
			buildPhases = (
				E561191025E92C0B0086A1A0 /* Sources */,
				E561191125E92C0B0086A1A0 /* Frameworks */,
				E561191225E92C0B0086A1A0 /* Resources */,
			);
			buildRules = (
			);
			dependencies = (
			);
			name = AceitasMousse;
			productName = AceitasMousse;
			productReference = E561191425E92C0B0086A1A0 /* AceitasMousse.app */;
			productType = "com.apple.product-type.application";
		};
		E561192925E92C0C0086A1A0 /* AceitasMousseTests */ = {
			isa = PBXNativeTarget;
			buildConfigurationList = E561194125E92C0D0086A1A0 /* Build configuration list for PBXNativeTarget "AceitasMousseTests" */;
			buildPhases = (
				E561192625E92C0C0086A1A0 /* Sources */,
				E561192725E92C0C0086A1A0 /* Frameworks */,
				E561192825E92C0C0086A1A0 /* Resources */,
			);
			buildRules = (
			);
			dependencies = (
				E561192C25E92C0C0086A1A0 /* PBXTargetDependency */,
			);
			name = AceitasMousseTests;
			productName = AceitasMousseTests;
			productReference = E561192A25E92C0C0086A1A0 /* AceitasMousseTests.xctest */;
			productType = "com.apple.product-type.bundle.unit-test";
		};
		E561193425E92C0D0086A1A0 /* AceitasMousseUITests */ = {
			isa = PBXNativeTarget;
			buildConfigurationList = E561194425E92C0D0086A1A0 /* Build configuration list for PBXNativeTarget "AceitasMousseUITests" */;
			buildPhases = (
				E561193125E92C0D0086A1A0 /* Sources */,
				E561193225E92C0D0086A1A0 /* Frameworks */,
				E561193325E92C0D0086A1A0 /* Resources */,
			);
			buildRules = (
			);
			dependencies = (
				E561193725E92C0D0086A1A0 /* PBXTargetDependency */,
			);
			name = AceitasMousseUITests;
			productName = AceitasMousseUITests;
			productReference = E561193525E92C0D0086A1A0 /* AceitasMousseUITests.xctest */;
			productType = "com.apple.product-type.bundle.ui-testing";
		};
/* End PBXNativeTarget section */

/* Begin PBXProject section */
		E561190C25E92C0B0086A1A0 /* Project object */ = {
			isa = PBXProject;
			attributes = {
				LastSwiftUpdateCheck = 1220;
				LastUpgradeCheck = 1220;
				TargetAttributes = {
					E561191325E92C0B0086A1A0 = {
						CreatedOnToolsVersion = 12.2;
					};
					E561192925E92C0C0086A1A0 = {
						CreatedOnToolsVersion = 12.2;
						TestTargetID = E561191325E92C0B0086A1A0;
					};
					E561193425E92C0D0086A1A0 = {
						CreatedOnToolsVersion = 12.2;
						TestTargetID = E561191325E92C0B0086A1A0;
					};
				};
			};
			buildConfigurationList = E561190F25E92C0B0086A1A0 /* Build configuration list for PBXProject "AceitasMousse" */;
			compatibilityVersion = "Xcode 9.3";
			developmentRegion = en;
			hasScannedForEncodings = 0;
			knownRegions = (
				en,
				Base,
			);
			mainGroup = E561190B25E92C0B0086A1A0;
			productRefGroup = E561191525E92C0B0086A1A0 /* Products */;
			projectDirPath = "";
			projectRoot = "";
			targets = (
				E561191325E92C0B0086A1A0 /* AceitasMousse */,
				E561192925E92C0C0086A1A0 /* AceitasMousseTests */,
				E561193425E92C0D0086A1A0 /* AceitasMousseUITests */,
			);
		};
/* End PBXProject section */

/* Begin PBXResourcesBuildPhase section */
		E561191225E92C0B0086A1A0 /* Resources */ = {
			isa = PBXResourcesBuildPhase;
			buildActionMask = 2147483647;
			files = (
				E561191F25E92C0C0086A1A0 /* Preview Assets.xcassets in Resources */,
				E561191C25E92C0C0086A1A0 /* Assets.xcassets in Resources */,
			);
			runOnlyForDeploymentPostprocessing = 0;
		};
		E561192825E92C0C0086A1A0 /* Resources */ = {
			isa = PBXResourcesBuildPhase;
			buildActionMask = 2147483647;
			files = (
			);
			runOnlyForDeploymentPostprocessing = 0;
		};
		E561193325E92C0D0086A1A0 /* Resources */ = {
			isa = PBXResourcesBuildPhase;
			buildActionMask = 2147483647;
			files = (
			);
			runOnlyForDeploymentPostprocessing = 0;
		};
/* End PBXResourcesBuildPhase section */

/* Begin PBXSourcesBuildPhase section */
		E561191025E92C0B0086A1A0 /* Sources */ = {
			isa = PBXSourcesBuildPhase;
			buildActionMask = 2147483647;
			files = (
				E561192425E92C0C0086A1A0 /* AceitasMousse.xcdatamodeld in Sources */,
				E561192125E92C0C0086A1A0 /* Persistence.swift in Sources */,
				E561191A25E92C0B0086A1A0 /* ContentView.swift in Sources */,
				E561191825E92C0B0086A1A0 /* AceitasMousseApp.swift in Sources */,
			);
			runOnlyForDeploymentPostprocessing = 0;
		};
		E561192625E92C0C0086A1A0 /* Sources */ = {
			isa = PBXSourcesBuildPhase;
			buildActionMask = 2147483647;
			files = (
				E561192F25E92C0C0086A1A0 /* AceitasMousseTests.swift in Sources */,
			);
			runOnlyForDeploymentPostprocessing = 0;
		};
		E561193125E92C0D0086A1A0 /* Sources */ = {
			isa = PBXSourcesBuildPhase;
			buildActionMask = 2147483647;
			files = (
				E561193A25E92C0D0086A1A0 /* AceitasMousseUITests.swift in Sources */,
			);
			runOnlyForDeploymentPostprocessing = 0;
		};
/* End PBXSourcesBuildPhase section */

/* Begin PBXTargetDependency section */
		E561192C25E92C0C0086A1A0 /* PBXTargetDependency */ = {
			isa = PBXTargetDependency;
			target = E561191325E92C0B0086A1A0 /* AceitasMousse */;
			targetProxy = E561192B25E92C0C0086A1A0 /* PBXContainerItemProxy */;
		};
		E561193725E92C0D0086A1A0 /* PBXTargetDependency */ = {
			isa = PBXTargetDependency;
			target = E561191325E92C0B0086A1A0 /* AceitasMousse */;
			targetProxy = E561193625E92C0D0086A1A0 /* PBXContainerItemProxy */;
		};
/* End PBXTargetDependency section */

/* Begin XCBuildConfiguration section */
		E561193C25E92C0D0086A1A0 /* Debug */ = {
			isa = XCBuildConfiguration;
			buildSettings = {
				ALWAYS_SEARCH_USER_PATHS = NO;
				CLANG_ANALYZER_NONNULL = YES;
				CLANG_ANALYZER_NUMBER_OBJECT_CONVERSION = YES_AGGRESSIVE;
				CLANG_CXX_LANGUAGE_STANDARD = "gnu++14";
				CLANG_CXX_LIBRARY = "libc++";
				CLANG_ENABLE_MODULES = YES;
				CLANG_ENABLE_OBJC_ARC = YES;
				CLANG_ENABLE_OBJC_WEAK = YES;
				CLANG_WARN_BLOCK_CAPTURE_AUTORELEASING = YES;
				CLANG_WARN_BOOL_CONVERSION = YES;
				CLANG_WARN_COMMA = YES;
				CLANG_WARN_CONSTANT_CONVERSION = YES;
				CLANG_WARN_DEPRECATED_OBJC_IMPLEMENTATIONS = YES;
				CLANG_WARN_DIRECT_OBJC_ISA_USAGE = YES_ERROR;
				CLANG_WARN_DOCUMENTATION_COMMENTS = YES;
				CLANG_WARN_EMPTY_BODY = YES;
				CLANG_WARN_ENUM_CONVERSION = YES;
				CLANG_WARN_INFINITE_RECURSION = YES;
				CLANG_WARN_INT_CONVERSION = YES;
				CLANG_WARN_NON_LITERAL_NULL_CONVERSION = YES;
				CLANG_WARN_OBJC_IMPLICIT_RETAIN_SELF = YES;
				CLANG_WARN_OBJC_LITERAL_CONVERSION = YES;
				CLANG_WARN_OBJC_ROOT_CLASS = YES_ERROR;
				CLANG_WARN_QUOTED_INCLUDE_IN_FRAMEWORK_HEADER = YES;
				CLANG_WARN_RANGE_LOOP_ANALYSIS = YES;
				CLANG_WARN_STRICT_PROTOTYPES = YES;
				CLANG_WARN_SUSPICIOUS_MOVE = YES;
				CLANG_WARN_UNGUARDED_AVAILABILITY = YES_AGGRESSIVE;
				CLANG_WARN_UNREACHABLE_CODE = YES;
				CLANG_WARN__DUPLICATE_METHOD_MATCH = YES;
				COPY_PHASE_STRIP = NO;
				DEBUG_INFORMATION_FORMAT = dwarf;
				ENABLE_STRICT_OBJC_MSGSEND = YES;
				ENABLE_TESTABILITY = YES;
				GCC_C_LANGUAGE_STANDARD = gnu11;
				GCC_DYNAMIC_NO_PIC = NO;
				GCC_NO_COMMON_BLOCKS = YES;
				GCC_OPTIMIZATION_LEVEL = 0;
				GCC_PREPROCESSOR_DEFINITIONS = (
					"DEBUG=1",
					"$(inherited)",
				);
				GCC_WARN_64_TO_32_BIT_CONVERSION = YES;
				GCC_WARN_ABOUT_RETURN_TYPE = YES_ERROR;
				GCC_WARN_UNDECLARED_SELECTOR = YES;
				GCC_WARN_UNINITIALIZED_AUTOS = YES_AGGRESSIVE;
				GCC_WARN_UNUSED_FUNCTION = YES;
				GCC_WARN_UNUSED_VARIABLE = YES;
				IPHONEOS_DEPLOYMENT_TARGET = 14.2;
				MTL_ENABLE_DEBUG_INFO = INCLUDE_SOURCE;
				MTL_FAST_MATH = YES;
				ONLY_ACTIVE_ARCH = YES;
				SDKROOT = iphoneos;
				SWIFT_ACTIVE_COMPILATION_CONDITIONS = DEBUG;
				SWIFT_OPTIMIZATION_LEVEL = "-Onone";
			};
			name = Debug;
		};
		E561193D25E92C0D0086A1A0 /* Release */ = {
			isa = XCBuildConfiguration;
			buildSettings = {
				ALWAYS_SEARCH_USER_PATHS = NO;
				CLANG_ANALYZER_NONNULL = YES;
				CLANG_ANALYZER_NUMBER_OBJECT_CONVERSION = YES_AGGRESSIVE;
				CLANG_CXX_LANGUAGE_STANDARD = "gnu++14";
				CLANG_CXX_LIBRARY = "libc++";
				CLANG_ENABLE_MODULES = YES;
				CLANG_ENABLE_OBJC_ARC = YES;
				CLANG_ENABLE_OBJC_WEAK = YES;
				CLANG_WARN_BLOCK_CAPTURE_AUTORELEASING = YES;
				CLANG_WARN_BOOL_CONVERSION = YES;
				CLANG_WARN_COMMA = YES;
				CLANG_WARN_CONSTANT_CONVERSION = YES;
				CLANG_WARN_DEPRECATED_OBJC_IMPLEMENTATIONS = YES;
				CLANG_WARN_DIRECT_OBJC_ISA_USAGE = YES_ERROR;
				CLANG_WARN_DOCUMENTATION_COMMENTS = YES;
				CLANG_WARN_EMPTY_BODY = YES;
				CLANG_WARN_ENUM_CONVERSION = YES;
				CLANG_WARN_INFINITE_RECURSION = YES;
				CLANG_WARN_INT_CONVERSION = YES;
				CLANG_WARN_NON_LITERAL_NULL_CONVERSION = YES;
				CLANG_WARN_OBJC_IMPLICIT_RETAIN_SELF = YES;
				CLANG_WARN_OBJC_LITERAL_CONVERSION = YES;
				CLANG_WARN_OBJC_ROOT_CLASS = YES_ERROR;
				CLANG_WARN_QUOTED_INCLUDE_IN_FRAMEWORK_HEADER = YES;
				CLANG_WARN_RANGE_LOOP_ANALYSIS = YES;
				CLANG_WARN_STRICT_PROTOTYPES = YES;
				CLANG_WARN_SUSPICIOUS_MOVE = YES;
				CLANG_WARN_UNGUARDED_AVAILABILITY = YES_AGGRESSIVE;
				CLANG_WARN_UNREACHABLE_CODE = YES;
				CLANG_WARN__DUPLICATE_METHOD_MATCH = YES;
				COPY_PHASE_STRIP = NO;
				DEBUG_INFORMATION_FORMAT = "dwarf-with-dsym";
				ENABLE_NS_ASSERTIONS = NO;
				ENABLE_STRICT_OBJC_MSGSEND = YES;
				GCC_C_LANGUAGE_STANDARD = gnu11;
				GCC_NO_COMMON_BLOCKS = YES;
				GCC_WARN_64_TO_32_BIT_CONVERSION = YES;
				GCC_WARN_ABOUT_RETURN_TYPE = YES_ERROR;
				GCC_WARN_UNDECLARED_SELECTOR = YES;
				GCC_WARN_UNINITIALIZED_AUTOS = YES_AGGRESSIVE;
				GCC_WARN_UNUSED_FUNCTION = YES;
				GCC_WARN_UNUSED_VARIABLE = YES;
				IPHONEOS_DEPLOYMENT_TARGET = 14.2;
				MTL_ENABLE_DEBUG_INFO = NO;
				MTL_FAST_MATH = YES;
				SDKROOT = iphoneos;
				SWIFT_COMPILATION_MODE = wholemodule;
				SWIFT_OPTIMIZATION_LEVEL = "-O";
				VALIDATE_PRODUCT = YES;
			};
			name = Release;
		};
		E561193F25E92C0D0086A1A0 /* Debug */ = {
			isa = XCBuildConfiguration;
			buildSettings = {
				ASSETCATALOG_COMPILER_APPICON_NAME = AppIcon;
				ASSETCATALOG_COMPILER_GLOBAL_ACCENT_COLOR_NAME = AccentColor;
				CODE_SIGN_STYLE = Automatic;
				DEVELOPMENT_ASSET_PATHS = "\"AceitasMousse/Preview Content\"";
				DEVELOPMENT_TEAM = X43VG9VLQG;
				ENABLE_PREVIEWS = YES;
				INFOPLIST_FILE = AceitasMousse/Info.plist;
				IPHONEOS_DEPLOYMENT_TARGET = 14.0;
				LD_RUNPATH_SEARCH_PATHS = (
					"$(inherited)",
					"@executable_path/Frameworks",
				);
				PRODUCT_BUNDLE_IDENTIFIER = "Apple-Developer-Academy.AceitasMousse";
				PRODUCT_NAME = "$(TARGET_NAME)";
				SWIFT_VERSION = 5.0;
				TARGETED_DEVICE_FAMILY = "1,2";
			};
			name = Debug;
		};
		E561194025E92C0D0086A1A0 /* Release */ = {
			isa = XCBuildConfiguration;
			buildSettings = {
				ASSETCATALOG_COMPILER_APPICON_NAME = AppIcon;
				ASSETCATALOG_COMPILER_GLOBAL_ACCENT_COLOR_NAME = AccentColor;
				CODE_SIGN_STYLE = Automatic;
				DEVELOPMENT_ASSET_PATHS = "\"AceitasMousse/Preview Content\"";
				DEVELOPMENT_TEAM = X43VG9VLQG;
				ENABLE_PREVIEWS = YES;
				INFOPLIST_FILE = AceitasMousse/Info.plist;
				IPHONEOS_DEPLOYMENT_TARGET = 14.0;
				LD_RUNPATH_SEARCH_PATHS = (
					"$(inherited)",
					"@executable_path/Frameworks",
				);
				PRODUCT_BUNDLE_IDENTIFIER = "Apple-Developer-Academy.AceitasMousse";
				PRODUCT_NAME = "$(TARGET_NAME)";
				SWIFT_VERSION = 5.0;
				TARGETED_DEVICE_FAMILY = "1,2";
			};
			name = Release;
		};
		E561194225E92C0D0086A1A0 /* Debug */ = {
			isa = XCBuildConfiguration;
			buildSettings = {
				ALWAYS_EMBED_SWIFT_STANDARD_LIBRARIES = YES;
				BUNDLE_LOADER = "$(TEST_HOST)";
				CODE_SIGN_STYLE = Automatic;
				DEVELOPMENT_TEAM = X43VG9VLQG;
				INFOPLIST_FILE = AceitasMousseTests/Info.plist;
				IPHONEOS_DEPLOYMENT_TARGET = 14.0;
				LD_RUNPATH_SEARCH_PATHS = (
					"$(inherited)",
					"@executable_path/Frameworks",
					"@loader_path/Frameworks",
				);
				PRODUCT_BUNDLE_IDENTIFIER = "Apple-Developer-Academy.AceitasMousseTests";
				PRODUCT_NAME = "$(TARGET_NAME)";
				SWIFT_VERSION = 5.0;
				TARGETED_DEVICE_FAMILY = "1,2";
				TEST_HOST = "$(BUILT_PRODUCTS_DIR)/AceitasMousse.app/AceitasMousse";
			};
			name = Debug;
		};
		E561194325E92C0D0086A1A0 /* Release */ = {
			isa = XCBuildConfiguration;
			buildSettings = {
				ALWAYS_EMBED_SWIFT_STANDARD_LIBRARIES = YES;
				BUNDLE_LOADER = "$(TEST_HOST)";
				CODE_SIGN_STYLE = Automatic;
				DEVELOPMENT_TEAM = X43VG9VLQG;
				INFOPLIST_FILE = AceitasMousseTests/Info.plist;
				IPHONEOS_DEPLOYMENT_TARGET = 14.0;
				LD_RUNPATH_SEARCH_PATHS = (
					"$(inherited)",
					"@executable_path/Frameworks",
					"@loader_path/Frameworks",
				);
				PRODUCT_BUNDLE_IDENTIFIER = "Apple-Developer-Academy.AceitasMousseTests";
				PRODUCT_NAME = "$(TARGET_NAME)";
				SWIFT_VERSION = 5.0;
				TARGETED_DEVICE_FAMILY = "1,2";
				TEST_HOST = "$(BUILT_PRODUCTS_DIR)/AceitasMousse.app/AceitasMousse";
			};
			name = Release;
		};
		E561194525E92C0D0086A1A0 /* Debug */ = {
			isa = XCBuildConfiguration;
			buildSettings = {
				ALWAYS_EMBED_SWIFT_STANDARD_LIBRARIES = YES;
				CODE_SIGN_STYLE = Automatic;
				DEVELOPMENT_TEAM = X43VG9VLQG;
				INFOPLIST_FILE = AceitasMousseUITests/Info.plist;
				LD_RUNPATH_SEARCH_PATHS = (
					"$(inherited)",
					"@executable_path/Frameworks",
					"@loader_path/Frameworks",
				);
				PRODUCT_BUNDLE_IDENTIFIER = "Apple-Developer-Academy.AceitasMousseUITests";
				PRODUCT_NAME = "$(TARGET_NAME)";
				SWIFT_VERSION = 5.0;
				TARGETED_DEVICE_FAMILY = "1,2";
				TEST_TARGET_NAME = AceitasMousse;
			};
			name = Debug;
		};
		E561194625E92C0D0086A1A0 /* Release */ = {
			isa = XCBuildConfiguration;
			buildSettings = {
				ALWAYS_EMBED_SWIFT_STANDARD_LIBRARIES = YES;
				CODE_SIGN_STYLE = Automatic;
				DEVELOPMENT_TEAM = X43VG9VLQG;
				INFOPLIST_FILE = AceitasMousseUITests/Info.plist;
				LD_RUNPATH_SEARCH_PATHS = (
					"$(inherited)",
					"@executable_path/Frameworks",
					"@loader_path/Frameworks",
				);
				PRODUCT_BUNDLE_IDENTIFIER = "Apple-Developer-Academy.AceitasMousseUITests";
				PRODUCT_NAME = "$(TARGET_NAME)";
				SWIFT_VERSION = 5.0;
				TARGETED_DEVICE_FAMILY = "1,2";
				TEST_TARGET_NAME = AceitasMousse;
			};
			name = Release;
		};
/* End XCBuildConfiguration section */

/* Begin XCConfigurationList section */
		E561190F25E92C0B0086A1A0 /* Build configuration list for PBXProject "AceitasMousse" */ = {
			isa = XCConfigurationList;
			buildConfigurations = (
				E561193C25E92C0D0086A1A0 /* Debug */,
				E561193D25E92C0D0086A1A0 /* Release */,
			);
			defaultConfigurationIsVisible = 0;
			defaultConfigurationName = Release;
		};
		E561193E25E92C0D0086A1A0 /* Build configuration list for PBXNativeTarget "AceitasMousse" */ = {
			isa = XCConfigurationList;
			buildConfigurations = (
				E561193F25E92C0D0086A1A0 /* Debug */,
				E561194025E92C0D0086A1A0 /* Release */,
			);
			defaultConfigurationIsVisible = 0;
			defaultConfigurationName = Release;
		};
		E561194125E92C0D0086A1A0 /* Build configuration list for PBXNativeTarget "AceitasMousseTests" */ = {
			isa = XCConfigurationList;
			buildConfigurations = (
				E561194225E92C0D0086A1A0 /* Debug */,
				E561194325E92C0D0086A1A0 /* Release */,
			);
			defaultConfigurationIsVisible = 0;
			defaultConfigurationName = Release;
		};
		E561194425E92C0D0086A1A0 /* Build configuration list for PBXNativeTarget "AceitasMousseUITests" */ = {
			isa = XCConfigurationList;
			buildConfigurations = (
				E561194525E92C0D0086A1A0 /* Debug */,
				E561194625E92C0D0086A1A0 /* Release */,
			);
			defaultConfigurationIsVisible = 0;
			defaultConfigurationName = Release;
		};
/* End XCConfigurationList section */

/* Begin XCVersionGroup section */
		E561192225E92C0C0086A1A0 /* AceitasMousse.xcdatamodeld */ = {
			isa = XCVersionGroup;
			children = (
				E561192325E92C0C0086A1A0 /* AceitasMousse.xcdatamodel */,
			);
			currentVersion = E561192325E92C0C0086A1A0 /* AceitasMousse.xcdatamodel */;
			path = AceitasMousse.xcdatamodeld;
			sourceTree = "<group>";
			versionGroupType = wrapper.xcdatamodel;
		};
/* End XCVersionGroup section */
	};
	rootObject = E561190C25E92C0B0086A1A0 /* Project object */;
}
